// !$*UTF8*$!
{
	archiveVersion = 1;
	classes = {
	};
	objectVersion = 46;
	objects = {

/* Begin PBXBuildFile section */
		6E3FB70724430E5400A343FE /* AppDelegate.m in Sources */ = {isa = PBXBuildFile; fileRef = 6E3FB70624430E5400A343FE /* AppDelegate.m */; };
		6E3FB70A24430F7A00A343FE /* main.m in Sources */ = {isa = PBXBuildFile; fileRef = 6E3FB70924430F7A00A343FE /* main.m */; };
		6E3FB7102443103600A343FE /* AppDelegate.h in Headers */ = {isa = PBXBuildFile; fileRef = 6E3FB70524430E5400A343FE /* AppDelegate.h */; };
		6E3FB72224436DC300A343FE /* DNLoginServiceKit.framework in Frameworks */ = {isa = PBXBuildFile; fileRef = 6E3FB71E24436DB200A343FE /* DNLoginServiceKit.framework */; };
		6E3FB72324436DC300A343FE /* DNLoginServiceKit.framework in Embed Frameworks */ = {isa = PBXBuildFile; fileRef = 6E3FB71E24436DB200A343FE /* DNLoginServiceKit.framework */; settings = {ATTRIBUTES = (CodeSignOnCopy, RemoveHeadersOnCopy, ); }; };
		FA2FEEF51CB3F79000F3A456 /* Assets.xcassets in Resources */ = {isa = PBXBuildFile; fileRef = FA2FEEF41CB3F79000F3A456 /* Assets.xcassets */; };
		FA2FEEF81CB3F79000F3A456 /* MainMenu.xib in Resources */ = {isa = PBXBuildFile; fileRef = FA2FEEF61CB3F79000F3A456 /* MainMenu.xib */; };
/* End PBXBuildFile section */

/* Begin PBXContainerItemProxy section */
		6E3FB71D24436DB200A343FE /* PBXContainerItemProxy */ = {
			isa = PBXContainerItemProxy;
			containerPortal = 6E3FB71824436DB200A343FE /* DNLoginServiceKit.xcodeproj */;
			proxyType = 2;
			remoteGlobalIDString = FA2FEEDB1CB3F76D00F3A456;
			remoteInfo = DNLoginServiceKit;
		};
		6E3FB71F24436DB200A343FE /* PBXContainerItemProxy */ = {
			isa = PBXContainerItemProxy;
			containerPortal = 6E3FB71824436DB200A343FE /* DNLoginServiceKit.xcodeproj */;
			proxyType = 2;
			remoteGlobalIDString = FA3C3E54230F12F500C0A6CA;
			remoteInfo = DNLoginServiceKitTests;
		};
/* End PBXContainerItemProxy section */

/* Begin PBXCopyFilesBuildPhase section */
		6E3FB70E2443102300A343FE /* Embed Frameworks */ = {
			isa = PBXCopyFilesBuildPhase;
			buildActionMask = 2147483647;
			dstPath = "";
			dstSubfolderSpec = 10;
			files = (
				6E3FB72324436DC300A343FE /* DNLoginServiceKit.framework in Embed Frameworks */,
			);
			name = "Embed Frameworks";
			runOnlyForDeploymentPostprocessing = 0;
		};
/* End PBXCopyFilesBuildPhase section */

/* Begin PBXFileReference section */
		6E3FB70524430E5400A343FE /* AppDelegate.h */ = {isa = PBXFileReference; lastKnownFileType = sourcecode.c.h; path = AppDelegate.h; sourceTree = "<group>"; };
		6E3FB70624430E5400A343FE /* AppDelegate.m */ = {isa = PBXFileReference; lastKnownFileType = sourcecode.c.objc; path = AppDelegate.m; sourceTree = "<group>"; };
		6E3FB70924430F7A00A343FE /* main.m */ = {isa = PBXFileReference; lastKnownFileType = sourcecode.c.objc; path = main.m; sourceTree = "<group>"; };
		6E3FB71324436D8300A343FE /* DNLoginServiceKit.framework */ = {isa = PBXFileReference; explicitFileType = wrapper.framework; path = DNLoginServiceKit.framework; sourceTree = BUILT_PRODUCTS_DIR; };
		6E3FB71824436DB200A343FE /* DNLoginServiceKit.xcodeproj */ = {isa = PBXFileReference; lastKnownFileType = "wrapper.pb-project"; name = DNLoginServiceKit.xcodeproj; path = ../Lib/DNLoginServiceKit.xcodeproj; sourceTree = "<group>"; };
		FA2FEEEF1CB3F79000F3A456 /* Example.app */ = {isa = PBXFileReference; explicitFileType = wrapper.application; includeInIndex = 0; path = Example.app; sourceTree = BUILT_PRODUCTS_DIR; };
		FA2FEEF41CB3F79000F3A456 /* Assets.xcassets */ = {isa = PBXFileReference; lastKnownFileType = folder.assetcatalog; path = Assets.xcassets; sourceTree = "<group>"; };
		FA2FEEF71CB3F79000F3A456 /* Base */ = {isa = PBXFileReference; lastKnownFileType = file.xib; name = Base; path = Base.lproj/MainMenu.xib; sourceTree = "<group>"; };
		FA2FEEF91CB3F79000F3A456 /* Info.plist */ = {isa = PBXFileReference; lastKnownFileType = text.plist.xml; path = Info.plist; sourceTree = "<group>"; };
/* End PBXFileReference section */

/* Begin PBXFrameworksBuildPhase section */
		FA2FEEEC1CB3F79000F3A456 /* Frameworks */ = {
			isa = PBXFrameworksBuildPhase;
			buildActionMask = 2147483647;
			files = (
				6E3FB72224436DC300A343FE /* DNLoginServiceKit.framework in Frameworks */,
			);
			runOnlyForDeploymentPostprocessing = 0;
		};
/* End PBXFrameworksBuildPhase section */

/* Begin PBXGroup section */
		6E3FB71224436D8300A343FE /* Frameworks */ = {
			isa = PBXGroup;
			children = (
				6E3FB71324436D8300A343FE /* DNLoginServiceKit.framework */,
			);
			name = Frameworks;
			sourceTree = "<group>";
		};
		6E3FB71924436DB200A343FE /* Products */ = {
			isa = PBXGroup;
			children = (
				6E3FB71E24436DB200A343FE /* DNLoginServiceKit.framework */,
				6E3FB72024436DB200A343FE /* DNLoginServiceKitTests.xctest */,
			);
			name = Products;
			sourceTree = "<group>";
		};
		FA2FEEE61CB3F79000F3A456 = {
			isa = PBXGroup;
			children = (
				6E3FB71824436DB200A343FE /* DNLoginServiceKit.xcodeproj */,
				FA2FEEF11CB3F79000F3A456 /* Example */,
				FA2FEEF01CB3F79000F3A456 /* Products */,
				6E3FB71224436D8300A343FE /* Frameworks */,
			);
			sourceTree = "<group>";
		};
		FA2FEEF01CB3F79000F3A456 /* Products */ = {
			isa = PBXGroup;
			children = (
				FA2FEEEF1CB3F79000F3A456 /* Example.app */,
			);
			name = Products;
			sourceTree = "<group>";
		};
		FA2FEEF11CB3F79000F3A456 /* Example */ = {
			isa = PBXGroup;
			children = (
				FA2FEEF41CB3F79000F3A456 /* Assets.xcassets */,
				FA2FEEF61CB3F79000F3A456 /* MainMenu.xib */,
				FA2FEEF91CB3F79000F3A456 /* Info.plist */,
				6E3FB70524430E5400A343FE /* AppDelegate.h */,
				6E3FB70624430E5400A343FE /* AppDelegate.m */,
				6E3FB70924430F7A00A343FE /* main.m */,
			);
			path = Example;
			sourceTree = "<group>";
		};
/* End PBXGroup section */

/* Begin PBXHeadersBuildPhase section */
		6E3FB70F2443103100A343FE /* Headers */ = {
			isa = PBXHeadersBuildPhase;
			buildActionMask = 2147483647;
			files = (
				6E3FB7102443103600A343FE /* AppDelegate.h in Headers */,
			);
			runOnlyForDeploymentPostprocessing = 0;
		};
/* End PBXHeadersBuildPhase section */

/* Begin PBXNativeTarget section */
		FA2FEEEE1CB3F79000F3A456 /* Example */ = {
			isa = PBXNativeTarget;
			buildConfigurationList = FA2FEEFC1CB3F79000F3A456 /* Build configuration list for PBXNativeTarget "Example" */;
			buildPhases = (
				6E3FB70F2443103100A343FE /* Headers */,
				FA2FEEEB1CB3F79000F3A456 /* Sources */,
				FA2FEEEC1CB3F79000F3A456 /* Frameworks */,
				FA2FEEED1CB3F79000F3A456 /* Resources */,
				6E3FB70E2443102300A343FE /* Embed Frameworks */,
			);
			buildRules = (
			);
			dependencies = (
			);
			name = Example;
			productName = Example;
			productReference = FA2FEEEF1CB3F79000F3A456 /* Example.app */;
			productType = "com.apple.product-type.application";
		};
/* End PBXNativeTarget section */

/* Begin PBXProject section */
		FA2FEEE71CB3F79000F3A456 /* Project object */ = {
			isa = PBXProject;
			attributes = {
				LastSwiftUpdateCheck = 0730;
				LastUpgradeCheck = 1130;
				ORGANIZATIONNAME = "Shunsuke Furubayashi";
				TargetAttributes = {
					FA2FEEEE1CB3F79000F3A456 = {
						CreatedOnToolsVersion = 7.3;
						LastSwiftMigration = 1140;
					};
				};
			};
			buildConfigurationList = FA2FEEEA1CB3F79000F3A456 /* Build configuration list for PBXProject "Example" */;
			compatibilityVersion = "Xcode 3.2";
			developmentRegion = en;
			hasScannedForEncodings = 0;
			knownRegions = (
				en,
				Base,
			);
			mainGroup = FA2FEEE61CB3F79000F3A456;
			productRefGroup = FA2FEEF01CB3F79000F3A456 /* Products */;
			projectDirPath = "";
			projectReferences = (
				{
					ProductGroup = 6E3FB71924436DB200A343FE /* Products */;
					ProjectRef = 6E3FB71824436DB200A343FE /* DNLoginServiceKit.xcodeproj */;
				},
			);
			projectRoot = "";
			targets = (
				FA2FEEEE1CB3F79000F3A456 /* Example */,
			);
		};
/* End PBXProject section */

/* Begin PBXReferenceProxy section */
		6E3FB71E24436DB200A343FE /* DNLoginServiceKit.framework */ = {
			isa = PBXReferenceProxy;
			fileType = wrapper.framework;
			path = DNLoginServiceKit.framework;
			remoteRef = 6E3FB71D24436DB200A343FE /* PBXContainerItemProxy */;
			sourceTree = BUILT_PRODUCTS_DIR;
		};
		6E3FB72024436DB200A343FE /* DNLoginServiceKitTests.xctest */ = {
			isa = PBXReferenceProxy;
			fileType = wrapper.cfbundle;
			path = DNLoginServiceKitTests.xctest;
			remoteRef = 6E3FB71F24436DB200A343FE /* PBXContainerItemProxy */;
			sourceTree = BUILT_PRODUCTS_DIR;
		};
/* End PBXReferenceProxy section */

/* Begin PBXResourcesBuildPhase section */
		FA2FEEED1CB3F79000F3A456 /* Resources */ = {
			isa = PBXResourcesBuildPhase;
			buildActionMask = 2147483647;
			files = (
				FA2FEEF51CB3F79000F3A456 /* Assets.xcassets in Resources */,
				FA2FEEF81CB3F79000F3A456 /* MainMenu.xib in Resources */,
			);
			runOnlyForDeploymentPostprocessing = 0;
		};
/* End PBXResourcesBuildPhase section */

/* Begin PBXSourcesBuildPhase section */
		FA2FEEEB1CB3F79000F3A456 /* Sources */ = {
			isa = PBXSourcesBuildPhase;
			buildActionMask = 2147483647;
			files = (
				6E3FB70724430E5400A343FE /* AppDelegate.m in Sources */,
				6E3FB70A24430F7A00A343FE /* main.m in Sources */,
			);
			runOnlyForDeploymentPostprocessing = 0;
		};
/* End PBXSourcesBuildPhase section */

/* Begin PBXVariantGroup section */
		FA2FEEF61CB3F79000F3A456 /* MainMenu.xib */ = {
			isa = PBXVariantGroup;
			children = (
				FA2FEEF71CB3F79000F3A456 /* Base */,
			);
			name = MainMenu.xib;
			sourceTree = "<group>";
		};
/* End PBXVariantGroup section */

/* Begin XCBuildConfiguration section */
		FA2FEEFA1CB3F79000F3A456 /* Debug */ = {
			isa = XCBuildConfiguration;
			buildSettings = {
				ALWAYS_SEARCH_USER_PATHS = NO;
				CLANG_ANALYZER_LOCALIZABILITY_NONLOCALIZED = YES;
				CLANG_ANALYZER_NONNULL = YES;
				CLANG_CXX_LANGUAGE_STANDARD = "gnu++0x";
				CLANG_CXX_LIBRARY = "libc++";
				CLANG_ENABLE_MODULES = YES;
				CLANG_ENABLE_OBJC_ARC = YES;
				CLANG_WARN_BLOCK_CAPTURE_AUTORELEASING = YES;
				CLANG_WARN_BOOL_CONVERSION = YES;
				CLANG_WARN_COMMA = YES;
				CLANG_WARN_CONSTANT_CONVERSION = YES;
				CLANG_WARN_DEPRECATED_OBJC_IMPLEMENTATIONS = YES;
				CLANG_WARN_DIRECT_OBJC_ISA_USAGE = YES_ERROR;
				CLANG_WARN_EMPTY_BODY = YES;
				CLANG_WARN_ENUM_CONVERSION = YES;
				CLANG_WARN_INFINITE_RECURSION = YES;
				CLANG_WARN_INT_CONVERSION = YES;
				CLANG_WARN_NON_LITERAL_NULL_CONVERSION = YES;
				CLANG_WARN_OBJC_IMPLICIT_RETAIN_SELF = YES;
				CLANG_WARN_OBJC_LITERAL_CONVERSION = YES;
				CLANG_WARN_OBJC_ROOT_CLASS = YES_ERROR;
				CLANG_WARN_RANGE_LOOP_ANALYSIS = YES;
				CLANG_WARN_STRICT_PROTOTYPES = YES;
				CLANG_WARN_SUSPICIOUS_MOVE = YES;
				CLANG_WARN_UNREACHABLE_CODE = YES;
				CLANG_WARN__DUPLICATE_METHOD_MATCH = YES;
				CODE_SIGN_IDENTITY = "-";
				COPY_PHASE_STRIP = NO;
				DEBUG_INFORMATION_FORMAT = dwarf;
				ENABLE_STRICT_OBJC_MSGSEND = YES;
				ENABLE_TESTABILITY = YES;
				GCC_C_LANGUAGE_STANDARD = gnu99;
				GCC_DYNAMIC_NO_PIC = NO;
				GCC_NO_COMMON_BLOCKS = YES;
				GCC_OPTIMIZATION_LEVEL = 0;
				GCC_PREPROCESSOR_DEFINITIONS = (
					"DEBUG=1",
					"$(inherited)",
				);
				GCC_WARN_64_TO_32_BIT_CONVERSION = YES;
				GCC_WARN_ABOUT_RETURN_TYPE = YES_ERROR;
				GCC_WARN_UNDECLARED_SELECTOR = YES;
				GCC_WARN_UNINITIALIZED_AUTOS = YES_AGGRESSIVE;
				GCC_WARN_UNUSED_FUNCTION = YES;
				GCC_WARN_UNUSED_VARIABLE = YES;
				MACOSX_DEPLOYMENT_TARGET = 10.15;
				MTL_ENABLE_DEBUG_INFO = YES;
				ONLY_ACTIVE_ARCH = YES;
				SDKROOT = macosx;
				SWIFT_OPTIMIZATION_LEVEL = "-Onone";
			};
			name = Debug;
		};
		FA2FEEFB1CB3F79000F3A456 /* Release */ = {
			isa = XCBuildConfiguration;
			buildSettings = {
				ALWAYS_SEARCH_USER_PATHS = NO;
				CLANG_ANALYZER_LOCALIZABILITY_NONLOCALIZED = YES;
				CLANG_ANALYZER_NONNULL = YES;
				CLANG_CXX_LANGUAGE_STANDARD = "gnu++0x";
				CLANG_CXX_LIBRARY = "libc++";
				CLANG_ENABLE_MODULES = YES;
				CLANG_ENABLE_OBJC_ARC = YES;
				CLANG_WARN_BLOCK_CAPTURE_AUTORELEASING = YES;
				CLANG_WARN_BOOL_CONVERSION = YES;
				CLANG_WARN_COMMA = YES;
				CLANG_WARN_CONSTANT_CONVERSION = YES;
				CLANG_WARN_DEPRECATED_OBJC_IMPLEMENTATIONS = YES;
				CLANG_WARN_DIRECT_OBJC_ISA_USAGE = YES_ERROR;
				CLANG_WARN_EMPTY_BODY = YES;
				CLANG_WARN_ENUM_CONVERSION = YES;
				CLANG_WARN_INFINITE_RECURSION = YES;
				CLANG_WARN_INT_CONVERSION = YES;
				CLANG_WARN_NON_LITERAL_NULL_CONVERSION = YES;
				CLANG_WARN_OBJC_IMPLICIT_RETAIN_SELF = YES;
				CLANG_WARN_OBJC_LITERAL_CONVERSION = YES;
				CLANG_WARN_OBJC_ROOT_CLASS = YES_ERROR;
				CLANG_WARN_RANGE_LOOP_ANALYSIS = YES;
				CLANG_WARN_STRICT_PROTOTYPES = YES;
				CLANG_WARN_SUSPICIOUS_MOVE = YES;
				CLANG_WARN_UNREACHABLE_CODE = YES;
				CLANG_WARN__DUPLICATE_METHOD_MATCH = YES;
				CODE_SIGN_IDENTITY = "-";
				COPY_PHASE_STRIP = NO;
				DEBUG_INFORMATION_FORMAT = "dwarf-with-dsym";
				ENABLE_NS_ASSERTIONS = NO;
				ENABLE_STRICT_OBJC_MSGSEND = YES;
				GCC_C_LANGUAGE_STANDARD = gnu99;
				GCC_NO_COMMON_BLOCKS = YES;
				GCC_WARN_64_TO_32_BIT_CONVERSION = YES;
				GCC_WARN_ABOUT_RETURN_TYPE = YES_ERROR;
				GCC_WARN_UNDECLARED_SELECTOR = YES;
				GCC_WARN_UNINITIALIZED_AUTOS = YES_AGGRESSIVE;
				GCC_WARN_UNUSED_FUNCTION = YES;
				GCC_WARN_UNUSED_VARIABLE = YES;
				MACOSX_DEPLOYMENT_TARGET = 10.15;
				MTL_ENABLE_DEBUG_INFO = NO;
				SDKROOT = macosx;
				SWIFT_OPTIMIZATION_LEVEL = "-Owholemodule";
			};
			name = Release;
		};
		FA2FEEFD1CB3F79000F3A456 /* Debug */ = {
			isa = XCBuildConfiguration;
			buildSettings = {
				ASSETCATALOG_COMPILER_APPICON_NAME = AppIcon;
				CLANG_ENABLE_MODULES = YES;
				CODE_SIGN_IDENTITY = "-";
				COMBINE_HIDPI_IMAGES = YES;
				INFOPLIST_FILE = Example/Info.plist;
				LD_RUNPATH_SEARCH_PATHS = "$(inherited) @executable_path/../Frameworks";
				MACOSX_DEPLOYMENT_TARGET = 10.10;
				PRODUCT_BUNDLE_IDENTIFIER = com.dimitarnestorov.DNLoginServiceKitExample;
				PRODUCT_NAME = "$(TARGET_NAME)";
				SWIFT_OPTIMIZATION_LEVEL = "-Onone";
				SWIFT_VERSION = 5.0;
			};
			name = Debug;
		};
		FA2FEEFE1CB3F79000F3A456 /* Release */ = {
			isa = XCBuildConfiguration;
			buildSettings = {
				ASSETCATALOG_COMPILER_APPICON_NAME = AppIcon;
				CLANG_ENABLE_MODULES = YES;
				CODE_SIGN_IDENTITY = "-";
				COMBINE_HIDPI_IMAGES = YES;
				INFOPLIST_FILE = Example/Info.plist;
				LD_RUNPATH_SEARCH_PATHS = "$(inherited) @executable_path/../Frameworks";
				MACOSX_DEPLOYMENT_TARGET = 10.10;
				PRODUCT_BUNDLE_IDENTIFIER = com.dimitarnestorov.DNLoginServiceKitExample;
				PRODUCT_NAME = "$(TARGET_NAME)";
				SWIFT_VERSION = 5.0;
			};
			name = Release;
		};
/* End XCBuildConfiguration section */

/* Begin XCConfigurationList section */
		FA2FEEEA1CB3F79000F3A456 /* Build configuration list for PBXProject "Example" */ = {
			isa = XCConfigurationList;
			buildConfigurations = (
				FA2FEEFA1CB3F79000F3A456 /* Debug */,
				FA2FEEFB1CB3F79000F3A456 /* Release */,
			);
			defaultConfigurationIsVisible = 0;
			defaultConfigurationName = Release;
		};
		FA2FEEFC1CB3F79000F3A456 /* Build configuration list for PBXNativeTarget "Example" */ = {
			isa = XCConfigurationList;
			buildConfigurations = (
				FA2FEEFD1CB3F79000F3A456 /* Debug */,
				FA2FEEFE1CB3F79000F3A456 /* Release */,
			);
			defaultConfigurationIsVisible = 0;
			defaultConfigurationName = Release;
		};
/* End XCConfigurationList section */
	};
	rootObject = FA2FEEE71CB3F79000F3A456 /* Project object */;
}
